hash: 05b1b7dad0bfe0b33256becffe0ef70cfec892aeb9e9ed0b545e22c19fc7562f
updated: 2016-12-27T06:53:21.013848746Z
imports:
- name: cloud.google.com/go
  version: c116c7972ec94f148459a304d07a67ecbc770d4b
  subpackages:
  - compute/metadata
  - datastore
  - internal
  - internal/atomiccache
  - internal/fields
- name: github.com/asaskevich/govalidator
  version: 7b3beb6df3c42abd3509abfc3bcacc0fbfb7c877
- name: github.com/boltdb/bolt
  version: 583e8937c61f1af6513608ccc75c97b6abdf4ff9
- name: github.com/evecentral/eccore
  version: 0f3bfb5911873af12b40ed92021cf1f3d6c8948a
- name: github.com/evecentral/esiapi
  version: e4b562f281b3692f65d8f31608b00346a8976e2c
  subpackages:
  - client
  - client/alliance
  - client/bookmarks
  - client/calendar
  - client/character
  - client/clones
  - client/corporation
  - client/dummy
  - client/incursions
  - client/killmails
  - client/live
  - client/location
  - client/mail
  - client/market
  - client/search
  - client/skills
  - client/sovereignty
  - client/universe
  - client/wallet
  - helper
  - models
- name: github.com/evecentral/sdetools
  version: e428534bd6ca9f55592230ced8cf29fc5aac4001
- name: github.com/go-openapi/analysis
  version: 7222828b8ce19afee3c595aef6643b9e42150120
- name: github.com/go-openapi/errors
  version: 49fe8b3a0e0d32a617d8d50c67f856ad6e45b28b
- name: github.com/go-openapi/jsonpointer
  version: 8d96a2dc61536b690bd36b2e9df0b3c0b62825b2
- name: github.com/go-openapi/jsonreference
  version: 36d33bfe519efae5632669801b180bf1a245da3b
- name: github.com/go-openapi/loads
  version: bf98340e04734f11563fd3008e87be4c1d4ffc08
  subpackages:
  - fmts
- name: github.com/go-openapi/runtime
  version: 4163fbe94510110937046fe9c89b6a1673ce8190
  subpackages:
  - client
- name: github.com/go-openapi/spec
  version: 2b6b49e4af09051a736e3403b5df9b6ed151d0a3
- name: github.com/go-openapi/strfmt
  version: 34fc3ba7c0f5fb615fda47a2b4fbd4c641b215f2
- name: github.com/go-openapi/swag
  version: 96d7b9ebd181a1735a1c9ac87914f2b32fbf56c9
- name: github.com/go-openapi/validate
  version: b11dbf889b64cf815a7e2667412df313f4a3f17b
- name: github.com/golang/protobuf
  version: 8ee79997227bf9b34611aee7946ae64735e6fd93
  subpackages:
  - proto
  - protoc-gen-go/descriptor
  - ptypes/struct
  - ptypes/timestamp
  - ptypes/wrappers
- name: github.com/googleapis/gax-go
  version: da06d194a00e19ce00d9011a13931c3f6f6887c7
- name: github.com/gorilla/context
  version: 08b5f424b9271eedf6f9f0ce86cb9396ed337a42
- name: github.com/gorilla/mux
  version: 0eeaf8392f5b04950925b8a69fe70f110fa7cbfc
- name: github.com/mailru/easyjson
  version: 9d6630dc8c577b56cb9687a9cf9e8578aca7298a
  subpackages:
  - buffer
  - jlexer
  - jwriter
- name: github.com/mitchellh/mapstructure
  version: bfdb1a85537d60bc7e954e600c250219ea497417
- name: github.com/PuerkitoBio/purell
  version: 0bcb03f4b4d0a9428594752bd2a3b9aa0a9d4bd4
- name: github.com/PuerkitoBio/urlesc
  version: 5bd2802263f21d8788851d5305584c82a5c75d7e
- name: github.com/theatrus/mediate
  version: 5ef657d6d16033840e66dab2e1e48e233ccf0bc2
- name: github.com/theatrus/ooauth2
  version: 69d8603ed24330f91b27ca59b193dedab06fe73f
- name: golang.org/x/net
  version: 45e771701b814666a7eb299e6c7a57d0b1799e91
  subpackages:
  - context
  - context/ctxhttp
  - http2
  - http2/hpack
  - idna
  - internal/timeseries
  - lex/httplex
  - trace
- name: golang.org/x/oauth2
  version: 314dd2c0bf3ebd592ec0d20847d27e79d0dbe8dd
  subpackages:
  - google
  - internal
  - jws
  - jwt
- name: golang.org/x/sys
  version: d75a52659825e75fff6158388dddc6a5b04f9ba5
  subpackages:
  - unix
- name: golang.org/x/text
  version: a49bea13b776691cb1b49873e5d8df96ec74831a
  subpackages:
  - transform
  - unicode/norm
  - width
- name: google.golang.org/api
  version: 55146ba61254fdb1c26d65ff3c04bc1611ad73fb
  subpackages:
  - googleapi/transport
  - internal
  - iterator
  - option
  - transport
- name: google.golang.org/appengine
  version: 08a149cfaee099e6ce4be01c0113a78c85ee1dee
  subpackages:
  - datastore
  - internal
  - internal/app_identity
  - internal/base
  - internal/datastore
  - internal/log
  - internal/modules
  - internal/remote_api
  - internal/socket
  - internal/urlfetch
  - socket
  - urlfetch
- name: google.golang.org/genproto
  version: b3e7c2fb04031add52c4817f53f43757ccbf9c18
  subpackages:
  - googleapis/api/annotations
  - googleapis/datastore/v1
  - googleapis/type/latlng
- name: google.golang.org/grpc
  version: 9d682f9293b408c42d17c587d0e2a31237ac3f10
  subpackages:
  - codes
  - credentials
  - credentials/oauth
  - grpclog
  - internal
  - metadata
  - naming
  - peer
  - stats
  - tap
  - transport
- name: gopkg.in/redis.v5
  version: b7bae3a78050e2e7ec2130a05cde296a9ff2e9c0
  subpackages:
  - internal
  - internal/consistenthash
  - internal/hashtag
  - internal/pool
  - internal/proto
- name: gopkg.in/vmihailenco/msgpack.v2
  version: 94af6ea04d2da6a09d6914ca79b8fb94f3acbba4
  subpackages:
  - codes
- name: gopkg.in/yaml.v2
  version: a5b47d31c556af34a302ce5d659e6fea44d90de0
testImports: []
